// !$*UTF8*$!
{
	archiveVersion = 1;
	classes = {
	};
	objectVersion = 50;
	objects = {

/* Begin PBXBuildFile section */
		3A14006A2202D61D00C98D59 /* Main.storyboard in Resources */ = {isa = PBXBuildFile; fileRef = 3A1400682202D61D00C98D59 /* Main.storyboard */; };
		3A14006C2202D62000C98D59 /* Assets.xcassets in Resources */ = {isa = PBXBuildFile; fileRef = 3A14006B2202D62000C98D59 /* Assets.xcassets */; };
		3A14006F2202D62000C98D59 /* LaunchScreen.storyboard in Resources */ = {isa = PBXBuildFile; fileRef = 3A14006D2202D62000C98D59 /* LaunchScreen.storyboard */; };
		3A26D5DE22169F3B0080A362 /* URefresh.swift in Sources */ = {isa = PBXBuildFile; fileRef = 3A26D5DD22169F3B0080A362 /* URefresh.swift */; };
		3A26D5E22216BB5D0080A362 /* LBFMRecommendHeaderView.swift in Sources */ = {isa = PBXBuildFile; fileRef = 3A26D5E02216BB5D0080A362 /* LBFMRecommendHeaderView.swift */; };
		3A26D5E32216BB5D0080A362 /* LBFMRecommendFooterView.swift in Sources */ = {isa = PBXBuildFile; fileRef = 3A26D5E12216BB5D0080A362 /* LBFMRecommendFooterView.swift */; };
		3A26D5E62216BBAF0080A362 /* LBFMRecommendHeaderCell.swift in Sources */ = {isa = PBXBuildFile; fileRef = 3A26D5E52216BBAF0080A362 /* LBFMRecommendHeaderCell.swift */; };
		3A40DAA7221FD2E800A4C734 /* LBFMRecommendGuessLikeCell.swift in Sources */ = {isa = PBXBuildFile; fileRef = 3A40DAA6221FD2E800A4C734 /* LBFMRecommendGuessLikeCell.swift */; };
		3A40DAA9221FD4F300A4C734 /* LBFMGuessYouLikeCell.swift in Sources */ = {isa = PBXBuildFile; fileRef = 3A40DAA8221FD4F300A4C734 /* LBFMGuessYouLikeCell.swift */; };
		3A40DAAC221FDBDF00A4C734 /* LBFMRecommendForYouCell.swift in Sources */ = {isa = PBXBuildFile; fileRef = 3A40DAAB221FDBDF00A4C734 /* LBFMRecommendForYouCell.swift */; };
		3A40DAAF221FDD4600A4C734 /* LBFMHotAudiobookCell.swift in Sources */ = {isa = PBXBuildFile; fileRef = 3A40DAAE221FDD4600A4C734 /* LBFMHotAudiobookCell.swift */; };
		3A40DAB1221FDD9000A4C734 /* LBHotAudiobookCell.swift in Sources */ = {isa = PBXBuildFile; fileRef = 3A40DAB0221FDD9000A4C734 /* LBHotAudiobookCell.swift */; };
		3A40DAB4221FE1EE00A4C734 /* LBFMAdvertCell.swift in Sources */ = {isa = PBXBuildFile; fileRef = 3A40DAB3221FE1EE00A4C734 /* LBFMAdvertCell.swift */; };
		3A40DAB7221FE35200A4C734 /* LBFMOneKeyListenCell.swift in Sources */ = {isa = PBXBuildFile; fileRef = 3A40DAB6221FE35200A4C734 /* LBFMOneKeyListenCell.swift */; };
		3A40DAB9221FE3D900A4C734 /* LBOneKeyListenCell.swift in Sources */ = {isa = PBXBuildFile; fileRef = 3A40DAB8221FE3D900A4C734 /* LBOneKeyListenCell.swift */; };
		3A95333B2203F1BF00E4DC70 /* LBFMHomeController.swift in Sources */ = {isa = PBXBuildFile; fileRef = 3A95333A2203F1BF00E4DC70 /* LBFMHomeController.swift */; };
		3A95333D2203F1D000E4DC70 /* LBFMFindController.swift in Sources */ = {isa = PBXBuildFile; fileRef = 3A95333C2203F1D000E4DC70 /* LBFMFindController.swift */; };
		3A95333F2203F1DD00E4DC70 /* LBFMListenController.swift in Sources */ = {isa = PBXBuildFile; fileRef = 3A95333E2203F1DD00E4DC70 /* LBFMListenController.swift */; };
		3A9533412203F1E900E4DC70 /* LBFMMineController.swift in Sources */ = {isa = PBXBuildFile; fileRef = 3A9533402203F1E900E4DC70 /* LBFMMineController.swift */; };
		3A9533432203F1F600E4DC70 /* LBFMPlayController.swift in Sources */ = {isa = PBXBuildFile; fileRef = 3A9533422203F1F600E4DC70 /* LBFMPlayController.swift */; };
		3A9533462203F25000E4DC70 /* LBFMNavigationController.swift in Sources */ = {isa = PBXBuildFile; fileRef = 3A9533452203F25000E4DC70 /* LBFMNavigationController.swift */; };
		3A9533482203F5A500E4DC70 /* LBFMHeader.swift in Sources */ = {isa = PBXBuildFile; fileRef = 3A9533472203F5A500E4DC70 /* LBFMHeader.swift */; };
		3A9533502203FB9500E4DC70 /* WRNavigationBar.swift in Sources */ = {isa = PBXBuildFile; fileRef = 3A95334A2203FB9500E4DC70 /* WRNavigationBar.swift */; };
		3A9533512203FB9500E4DC70 /* WRCustomNavigationBar.swift in Sources */ = {isa = PBXBuildFile; fileRef = 3A95334B2203FB9500E4DC70 /* WRCustomNavigationBar.swift */; };
		3A9533522203FB9500E4DC70 /* WRProxy.swift in Sources */ = {isa = PBXBuildFile; fileRef = 3A95334D2203FB9500E4DC70 /* WRProxy.swift */; };
		3A9533532203FB9500E4DC70 /* WRCycleScrollView.swift in Sources */ = {isa = PBXBuildFile; fileRef = 3A95334E2203FB9500E4DC70 /* WRCycleScrollView.swift */; };
		3A9533542203FB9500E4DC70 /* WRCycleCell.swift in Sources */ = {isa = PBXBuildFile; fileRef = 3A95334F2203FB9500E4DC70 /* WRCycleCell.swift */; };
		3A953356220408C900E4DC70 /* LBFMBasicContentView.swift in Sources */ = {isa = PBXBuildFile; fileRef = 3A953355220408C900E4DC70 /* LBFMBasicContentView.swift */; };
		3A9533582204096900E4DC70 /* LBFMBouncesContentView.swift in Sources */ = {isa = PBXBuildFile; fileRef = 3A9533572204096900E4DC70 /* LBFMBouncesContentView.swift */; };
		3A95335A220409CD00E4DC70 /* LBFMIrregularityBasicContentView.swift in Sources */ = {isa = PBXBuildFile; fileRef = 3A953359220409CD00E4DC70 /* LBFMIrregularityBasicContentView.swift */; };
		3A95337B2204207A00E4DC70 /* AppDelegate.swift in Sources */ = {isa = PBXBuildFile; fileRef = 3A95337A2204207A00E4DC70 /* AppDelegate.swift */; };
		3A9533822204254800E4DC70 /* LBFMHomeClassifyController.swift in Sources */ = {isa = PBXBuildFile; fileRef = 3A9533812204254800E4DC70 /* LBFMHomeClassifyController.swift */; };
		3A9533842204255A00E4DC70 /* LBFMHomeRecommendController.swift in Sources */ = {isa = PBXBuildFile; fileRef = 3A9533832204255A00E4DC70 /* LBFMHomeRecommendController.swift */; };
		3A9533862204257100E4DC70 /* LBFMHomeVIPController.swift in Sources */ = {isa = PBXBuildFile; fileRef = 3A9533852204257100E4DC70 /* LBFMHomeVIPController.swift */; };
		3A9533882204258800E4DC70 /* LBFMHomeLiveController.swift in Sources */ = {isa = PBXBuildFile; fileRef = 3A9533872204258800E4DC70 /* LBFMHomeLiveController.swift */; };
		3A95338A2204259B00E4DC70 /* LBFMHomeBroadcastController.swift in Sources */ = {isa = PBXBuildFile; fileRef = 3A9533892204259B00E4DC70 /* LBFMHomeBroadcastController.swift */; };
		3A95338C2204274500E4DC70 /* ViewController.swift in Sources */ = {isa = PBXBuildFile; fileRef = 3A95338B2204274500E4DC70 /* ViewController.swift */; };
		3AEAA628221106E400B46FA7 /* LBFMRecommendAPI.swift in Sources */ = {isa = PBXBuildFile; fileRef = 3AEAA627221106E400B46FA7 /* LBFMRecommendAPI.swift */; };
		3AEAA62A22110D1F00B46FA7 /* LBFMRecommendModel.swift in Sources */ = {isa = PBXBuildFile; fileRef = 3AEAA62922110D1F00B46FA7 /* LBFMRecommendModel.swift */; };
		3AEFE58E2211471C00B88942 /* LBFMRecommendViewModel.swift in Sources */ = {isa = PBXBuildFile; fileRef = 3AEFE58D2211471C00B88942 /* LBFMRecommendViewModel.swift */; };
		3AF87041221F980C0078F0A8 /* LBFMRecommendGridCell.swift in Sources */ = {isa = PBXBuildFile; fileRef = 3AF87040221F980C0078F0A8 /* LBFMRecommendGridCell.swift */; };
		3AF87044221F9ACD0078F0A8 /* LBFMRecommendNewsCell.swift in Sources */ = {isa = PBXBuildFile; fileRef = 3AF87043221F9ACD0078F0A8 /* LBFMRecommendNewsCell.swift */; };
		951A29CC187163D3CCB50D74 /* Pods_LBFM_Swift.framework in Frameworks */ = {isa = PBXBuildFile; fileRef = BEDD0EC24A1F87D27F80ED62 /* Pods_LBFM_Swift.framework */; };
/* End PBXBuildFile section */

/* Begin PBXFileReference section */
		2CFEE505BF3F94F8DFD531F9 /* Pods-LBFM-Swift.release.xcconfig */ = {isa = PBXFileReference; includeInIndex = 1; lastKnownFileType = text.xcconfig; name = "Pods-LBFM-Swift.release.xcconfig"; path = "Pods/Target Support Files/Pods-LBFM-Swift/Pods-LBFM-Swift.release.xcconfig"; sourceTree = "<group>"; };
		3A1400612202D61D00C98D59 /* LBFM-Swift.app */ = {isa = PBXFileReference; explicitFileType = wrapper.application; includeInIndex = 0; path = "LBFM-Swift.app"; sourceTree = BUILT_PRODUCTS_DIR; };
		3A1400692202D61D00C98D59 /* Base */ = {isa = PBXFileReference; lastKnownFileType = file.storyboard; name = Base; path = Base.lproj/Main.storyboard; sourceTree = "<group>"; };
		3A14006B2202D62000C98D59 /* Assets.xcassets */ = {isa = PBXFileReference; lastKnownFileType = folder.assetcatalog; path = Assets.xcassets; sourceTree = "<group>"; };
		3A14006E2202D62000C98D59 /* Base */ = {isa = PBXFileReference; lastKnownFileType = file.storyboard; name = Base; path = Base.lproj/LaunchScreen.storyboard; sourceTree = "<group>"; };
		3A1400702202D62000C98D59 /* Info.plist */ = {isa = PBXFileReference; lastKnownFileType = text.plist.xml; path = Info.plist; sourceTree = "<group>"; };
		3A26D5DD22169F3B0080A362 /* URefresh.swift */ = {isa = PBXFileReference; fileEncoding = 4; lastKnownFileType = sourcecode.swift; path = URefresh.swift; sourceTree = "<group>"; };
		3A26D5E02216BB5D0080A362 /* LBFMRecommendHeaderView.swift */ = {isa = PBXFileReference; fileEncoding = 4; lastKnownFileType = sourcecode.swift; path = LBFMRecommendHeaderView.swift; sourceTree = "<group>"; };
		3A26D5E12216BB5D0080A362 /* LBFMRecommendFooterView.swift */ = {isa = PBXFileReference; fileEncoding = 4; lastKnownFileType = sourcecode.swift; path = LBFMRecommendFooterView.swift; sourceTree = "<group>"; };
		3A26D5E52216BBAF0080A362 /* LBFMRecommendHeaderCell.swift */ = {isa = PBXFileReference; lastKnownFileType = sourcecode.swift; path = LBFMRecommendHeaderCell.swift; sourceTree = "<group>"; };
		3A40DAA6221FD2E800A4C734 /* LBFMRecommendGuessLikeCell.swift */ = {isa = PBXFileReference; lastKnownFileType = sourcecode.swift; path = LBFMRecommendGuessLikeCell.swift; sourceTree = "<group>"; };
		3A40DAA8221FD4F300A4C734 /* LBFMGuessYouLikeCell.swift */ = {isa = PBXFileReference; lastKnownFileType = sourcecode.swift; path = LBFMGuessYouLikeCell.swift; sourceTree = "<group>"; };
		3A40DAAB221FDBDF00A4C734 /* LBFMRecommendForYouCell.swift */ = {isa = PBXFileReference; lastKnownFileType = sourcecode.swift; path = LBFMRecommendForYouCell.swift; sourceTree = "<group>"; };
		3A40DAAE221FDD4600A4C734 /* LBFMHotAudiobookCell.swift */ = {isa = PBXFileReference; lastKnownFileType = sourcecode.swift; path = LBFMHotAudiobookCell.swift; sourceTree = "<group>"; };
		3A40DAB0221FDD9000A4C734 /* LBHotAudiobookCell.swift */ = {isa = PBXFileReference; lastKnownFileType = sourcecode.swift; path = LBHotAudiobookCell.swift; sourceTree = "<group>"; };
		3A40DAB3221FE1EE00A4C734 /* LBFMAdvertCell.swift */ = {isa = PBXFileReference; lastKnownFileType = sourcecode.swift; path = LBFMAdvertCell.swift; sourceTree = "<group>"; };
		3A40DAB6221FE35200A4C734 /* LBFMOneKeyListenCell.swift */ = {isa = PBXFileReference; lastKnownFileType = sourcecode.swift; path = LBFMOneKeyListenCell.swift; sourceTree = "<group>"; };
		3A40DAB8221FE3D900A4C734 /* LBOneKeyListenCell.swift */ = {isa = PBXFileReference; lastKnownFileType = sourcecode.swift; path = LBOneKeyListenCell.swift; sourceTree = "<group>"; };
		3A95333A2203F1BF00E4DC70 /* LBFMHomeController.swift */ = {isa = PBXFileReference; lastKnownFileType = sourcecode.swift; path = LBFMHomeController.swift; sourceTree = "<group>"; };
		3A95333C2203F1D000E4DC70 /* LBFMFindController.swift */ = {isa = PBXFileReference; lastKnownFileType = sourcecode.swift; path = LBFMFindController.swift; sourceTree = "<group>"; };
		3A95333E2203F1DD00E4DC70 /* LBFMListenController.swift */ = {isa = PBXFileReference; lastKnownFileType = sourcecode.swift; path = LBFMListenController.swift; sourceTree = "<group>"; };
		3A9533402203F1E900E4DC70 /* LBFMMineController.swift */ = {isa = PBXFileReference; lastKnownFileType = sourcecode.swift; path = LBFMMineController.swift; sourceTree = "<group>"; };
		3A9533422203F1F600E4DC70 /* LBFMPlayController.swift */ = {isa = PBXFileReference; lastKnownFileType = sourcecode.swift; path = LBFMPlayController.swift; sourceTree = "<group>"; };
		3A9533452203F25000E4DC70 /* LBFMNavigationController.swift */ = {isa = PBXFileReference; lastKnownFileType = sourcecode.swift; path = LBFMNavigationController.swift; sourceTree = "<group>"; };
		3A9533472203F5A500E4DC70 /* LBFMHeader.swift */ = {isa = PBXFileReference; lastKnownFileType = sourcecode.swift; path = LBFMHeader.swift; sourceTree = "<group>"; };
		3A95334A2203FB9500E4DC70 /* WRNavigationBar.swift */ = {isa = PBXFileReference; fileEncoding = 4; lastKnownFileType = sourcecode.swift; path = WRNavigationBar.swift; sourceTree = "<group>"; };
		3A95334B2203FB9500E4DC70 /* WRCustomNavigationBar.swift */ = {isa = PBXFileReference; fileEncoding = 4; lastKnownFileType = sourcecode.swift; path = WRCustomNavigationBar.swift; sourceTree = "<group>"; };
		3A95334D2203FB9500E4DC70 /* WRProxy.swift */ = {isa = PBXFileReference; fileEncoding = 4; lastKnownFileType = sourcecode.swift; path = WRProxy.swift; sourceTree = "<group>"; };
		3A95334E2203FB9500E4DC70 /* WRCycleScrollView.swift */ = {isa = PBXFileReference; fileEncoding = 4; lastKnownFileType = sourcecode.swift; path = WRCycleScrollView.swift; sourceTree = "<group>"; };
		3A95334F2203FB9500E4DC70 /* WRCycleCell.swift */ = {isa = PBXFileReference; fileEncoding = 4; lastKnownFileType = sourcecode.swift; path = WRCycleCell.swift; sourceTree = "<group>"; };
		3A953355220408C900E4DC70 /* LBFMBasicContentView.swift */ = {isa = PBXFileReference; lastKnownFileType = sourcecode.swift; path = LBFMBasicContentView.swift; sourceTree = "<group>"; };
		3A9533572204096900E4DC70 /* LBFMBouncesContentView.swift */ = {isa = PBXFileReference; lastKnownFileType = sourcecode.swift; path = LBFMBouncesContentView.swift; sourceTree = "<group>"; };
		3A953359220409CD00E4DC70 /* LBFMIrregularityBasicContentView.swift */ = {isa = PBXFileReference; lastKnownFileType = sourcecode.swift; path = LBFMIrregularityBasicContentView.swift; sourceTree = "<group>"; };
		3A95337A2204207A00E4DC70 /* AppDelegate.swift */ = {isa = PBXFileReference; fileEncoding = 4; lastKnownFileType = sourcecode.swift; path = AppDelegate.swift; sourceTree = "<group>"; };
		3A9533812204254800E4DC70 /* LBFMHomeClassifyController.swift */ = {isa = PBXFileReference; lastKnownFileType = sourcecode.swift; path = LBFMHomeClassifyController.swift; sourceTree = "<group>"; };
		3A9533832204255A00E4DC70 /* LBFMHomeRecommendController.swift */ = {isa = PBXFileReference; lastKnownFileType = sourcecode.swift; path = LBFMHomeRecommendController.swift; sourceTree = "<group>"; };
		3A9533852204257100E4DC70 /* LBFMHomeVIPController.swift */ = {isa = PBXFileReference; lastKnownFileType = sourcecode.swift; path = LBFMHomeVIPController.swift; sourceTree = "<group>"; };
		3A9533872204258800E4DC70 /* LBFMHomeLiveController.swift */ = {isa = PBXFileReference; lastKnownFileType = sourcecode.swift; path = LBFMHomeLiveController.swift; sourceTree = "<group>"; };
		3A9533892204259B00E4DC70 /* LBFMHomeBroadcastController.swift */ = {isa = PBXFileReference; lastKnownFileType = sourcecode.swift; path = LBFMHomeBroadcastController.swift; sourceTree = "<group>"; };
		3A95338B2204274500E4DC70 /* ViewController.swift */ = {isa = PBXFileReference; lastKnownFileType = sourcecode.swift; path = ViewController.swift; sourceTree = "<group>"; };
		3AEAA627221106E400B46FA7 /* LBFMRecommendAPI.swift */ = {isa = PBXFileReference; lastKnownFileType = sourcecode.swift; path = LBFMRecommendAPI.swift; sourceTree = "<group>"; };
		3AEAA62922110D1F00B46FA7 /* LBFMRecommendModel.swift */ = {isa = PBXFileReference; lastKnownFileType = sourcecode.swift; path = LBFMRecommendModel.swift; sourceTree = "<group>"; };
		3AEFE58D2211471C00B88942 /* LBFMRecommendViewModel.swift */ = {isa = PBXFileReference; lastKnownFileType = sourcecode.swift; path = LBFMRecommendViewModel.swift; sourceTree = "<group>"; };
		3AF87040221F980C0078F0A8 /* LBFMRecommendGridCell.swift */ = {isa = PBXFileReference; lastKnownFileType = sourcecode.swift; path = LBFMRecommendGridCell.swift; sourceTree = "<group>"; };
		3AF87043221F9ACD0078F0A8 /* LBFMRecommendNewsCell.swift */ = {isa = PBXFileReference; lastKnownFileType = sourcecode.swift; path = LBFMRecommendNewsCell.swift; sourceTree = "<group>"; };
		BEDD0EC24A1F87D27F80ED62 /* Pods_LBFM_Swift.framework */ = {isa = PBXFileReference; explicitFileType = wrapper.framework; includeInIndex = 0; path = Pods_LBFM_Swift.framework; sourceTree = BUILT_PRODUCTS_DIR; };
		DEF6F2A9F63490E9AF6C0FBE /* Pods-LBFM-Swift.debug.xcconfig */ = {isa = PBXFileReference; includeInIndex = 1; lastKnownFileType = text.xcconfig; name = "Pods-LBFM-Swift.debug.xcconfig"; path = "Pods/Target Support Files/Pods-LBFM-Swift/Pods-LBFM-Swift.debug.xcconfig"; sourceTree = "<group>"; };
/* End PBXFileReference section */

/* Begin PBXFrameworksBuildPhase section */
		3A14005E2202D61D00C98D59 /* Frameworks */ = {
			isa = PBXFrameworksBuildPhase;
			buildActionMask = 2147483647;
			files = (
				951A29CC187163D3CCB50D74 /* Pods_LBFM_Swift.framework in Frameworks */,
			);
			runOnlyForDeploymentPostprocessing = 0;
		};
/* End PBXFrameworksBuildPhase section */

/* Begin PBXGroup section */
		0B37B49673BB8D3EA5330BE2 /* Pods */ = {
			isa = PBXGroup;
			children = (
				DEF6F2A9F63490E9AF6C0FBE /* Pods-LBFM-Swift.debug.xcconfig */,
				2CFEE505BF3F94F8DFD531F9 /* Pods-LBFM-Swift.release.xcconfig */,
			);
			name = Pods;
			sourceTree = "<group>";
		};
		223CFBEA0DBCE992053560DF /* Frameworks */ = {
			isa = PBXGroup;
			children = (
				BEDD0EC24A1F87D27F80ED62 /* Pods_LBFM_Swift.framework */,
			);
			name = Frameworks;
			sourceTree = "<group>";
		};
		3A1400582202D61D00C98D59 = {
			isa = PBXGroup;
			children = (
				3A1400632202D61D00C98D59 /* LBFM-Swift */,
				3A1400622202D61D00C98D59 /* Products */,
				0B37B49673BB8D3EA5330BE2 /* Pods */,
				223CFBEA0DBCE992053560DF /* Frameworks */,
			);
			sourceTree = "<group>";
		};
		3A1400622202D61D00C98D59 /* Products */ = {
			isa = PBXGroup;
			children = (
				3A1400612202D61D00C98D59 /* LBFM-Swift.app */,
			);
			name = Products;
			sourceTree = "<group>";
		};
		3A1400632202D61D00C98D59 /* LBFM-Swift */ = {
			isa = PBXGroup;
			children = (
				3A9533792204207A00E4DC70 /* AppDelegate */,
				3A9533312203F11D00E4DC70 /* Common */,
				3A9533322203F11D00E4DC70 /* Controller */,
				3A9533332203F11D00E4DC70 /* Lib */,
				3A9533302203F11D00E4DC70 /* Orther */,
				3A1400682202D61D00C98D59 /* Main.storyboard */,
				3A14006B2202D62000C98D59 /* Assets.xcassets */,
				3A14006D2202D62000C98D59 /* LaunchScreen.storyboard */,
				3A1400702202D62000C98D59 /* Info.plist */,
			);
			path = "LBFM-Swift";
			sourceTree = "<group>";
		};
		3A26D5DC22169F3B0080A362 /* Refresh */ = {
			isa = PBXGroup;
			children = (
				3A26D5DD22169F3B0080A362 /* URefresh.swift */,
			);
			path = Refresh;
			sourceTree = "<group>";
		};
		3A26D5DF2216BB5D0080A362 /* 组头尾部视图 */ = {
			isa = PBXGroup;
			children = (
				3A26D5E02216BB5D0080A362 /* LBFMRecommendHeaderView.swift */,
				3A26D5E12216BB5D0080A362 /* LBFMRecommendFooterView.swift */,
			);
			path = "组头尾部视图";
			sourceTree = "<group>";
		};
		3A26D5E42216BB9E0080A362 /* LBFMHeaderViewCell */ = {
			isa = PBXGroup;
			children = (
				3A26D5E52216BBAF0080A362 /* LBFMRecommendHeaderCell.swift */,
			);
			path = LBFMHeaderViewCell;
			sourceTree = "<group>";
		};
		3A40DAA5221FD2DA00A4C734 /* 猜你喜欢 */ = {
			isa = PBXGroup;
			children = (
				3A40DAA6221FD2E800A4C734 /* LBFMRecommendGuessLikeCell.swift */,
				3A40DAA8221FD4F300A4C734 /* LBFMGuessYouLikeCell.swift */,
			);
			path = "猜你喜欢";
			sourceTree = "<group>";
		};
		3A40DAAA221FDBCE00A4C734 /* 为你推荐 */ = {
			isa = PBXGroup;
			children = (
				3A40DAAB221FDBDF00A4C734 /* LBFMRecommendForYouCell.swift */,
			);
			path = "为你推荐";
			sourceTree = "<group>";
		};
		3A40DAAD221FDCDE00A4C734 /* 最热有声书 */ = {
			isa = PBXGroup;
			children = (
				3A40DAAE221FDD4600A4C734 /* LBFMHotAudiobookCell.swift */,
				3A40DAB0221FDD9000A4C734 /* LBHotAudiobookCell.swift */,
			);
			path = "最热有声书";
			sourceTree = "<group>";
		};
		3A40DAB2221FE1E400A4C734 /* 广告 */ = {
			isa = PBXGroup;
			children = (
				3A40DAB3221FE1EE00A4C734 /* LBFMAdvertCell.swift */,
			);
			path = "广告";
			sourceTree = "<group>";
		};
		3A40DAB5221FE34700A4C734 /* 懒人电台 */ = {
			isa = PBXGroup;
			children = (
				3A40DAB6221FE35200A4C734 /* LBFMOneKeyListenCell.swift */,
				3A40DAB8221FE3D900A4C734 /* LBOneKeyListenCell.swift */,
			);
			path = "懒人电台";
			sourceTree = "<group>";
		};
		3A9533302203F11D00E4DC70 /* Orther */ = {
			isa = PBXGroup;
			children = (
			);
			path = Orther;
			sourceTree = "<group>";
		};
		3A9533312203F11D00E4DC70 /* Common */ = {
			isa = PBXGroup;
			children = (
				3A9533472203F5A500E4DC70 /* LBFMHeader.swift */,
			);
			path = Common;
			sourceTree = "<group>";
		};
		3A9533322203F11D00E4DC70 /* Controller */ = {
			isa = PBXGroup;
			children = (
				3A9533442203F23300E4DC70 /* Main */,
				3A9533392203F19400E4DC70 /* 喜马拉雅 */,
				3A9533352203F19300E4DC70 /* Find(发现) */,
				3A9533342203F19300E4DC70 /* Home(首页) */,
				3A9533362203F19400E4DC70 /* Listen(我听) */,
				3A9533382203F19400E4DC70 /* Mine(我的) */,
				3A9533372203F19400E4DC70 /* Play(播放) */,
			);
			path = Controller;
			sourceTree = "<group>";
		};
		3A9533332203F11D00E4DC70 /* Lib */ = {
			isa = PBXGroup;
			children = (
				3A26D5DC22169F3B0080A362 /* Refresh */,
				3A9533492203FB9500E4DC70 /* WRNavigationBar */,
			);
			path = Lib;
			sourceTree = "<group>";
		};
		3A9533342203F19300E4DC70 /* Home(首页) */ = {
			isa = PBXGroup;
			children = (
				3A95333A2203F1BF00E4DC70 /* LBFMHomeController.swift */,
				3A95337E2204250800E4DC70 /* 推荐 */,
				3A95337C2204250800E4DC70 /* 分类 */,
				3A95337D2204250800E4DC70 /* 广播 */,
				3A95337F2204250800E4DC70 /* 直播 */,
				3A9533802204250800E4DC70 /* VIP */,
			);
			path = "Home(首页)";
			sourceTree = "<group>";
		};
		3A9533352203F19300E4DC70 /* Find(发现) */ = {
			isa = PBXGroup;
			children = (
				3A95333C2203F1D000E4DC70 /* LBFMFindController.swift */,
			);
			path = "Find(发现)";
			sourceTree = "<group>";
		};
		3A9533362203F19400E4DC70 /* Listen(我听) */ = {
			isa = PBXGroup;
			children = (
				3A95333E2203F1DD00E4DC70 /* LBFMListenController.swift */,
			);
			path = "Listen(我听)";
			sourceTree = "<group>";
		};
		3A9533372203F19400E4DC70 /* Play(播放) */ = {
			isa = PBXGroup;
			children = (
				3A9533422203F1F600E4DC70 /* LBFMPlayController.swift */,
			);
			path = "Play(播放)";
			sourceTree = "<group>";
		};
		3A9533382203F19400E4DC70 /* Mine(我的) */ = {
			isa = PBXGroup;
			children = (
				3A9533402203F1E900E4DC70 /* LBFMMineController.swift */,
			);
			path = "Mine(我的)";
			sourceTree = "<group>";
		};
		3A9533392203F19400E4DC70 /* 喜马拉雅 */ = {
			isa = PBXGroup;
			children = (
			);
			path = "喜马拉雅";
			sourceTree = "<group>";
		};
		3A9533442203F23300E4DC70 /* Main */ = {
			isa = PBXGroup;
			children = (
				3A9533452203F25000E4DC70 /* LBFMNavigationController.swift */,
				3A953355220408C900E4DC70 /* LBFMBasicContentView.swift */,
				3A9533572204096900E4DC70 /* LBFMBouncesContentView.swift */,
				3A953359220409CD00E4DC70 /* LBFMIrregularityBasicContentView.swift */,
			);
			path = Main;
			sourceTree = "<group>";
		};
		3A9533492203FB9500E4DC70 /* WRNavigationBar */ = {
			isa = PBXGroup;
			children = (
				3A95334A2203FB9500E4DC70 /* WRNavigationBar.swift */,
				3A95334B2203FB9500E4DC70 /* WRCustomNavigationBar.swift */,
				3A95334C2203FB9500E4DC70 /* WRCycleScrollView */,
			);
			path = WRNavigationBar;
			sourceTree = "<group>";
		};
		3A95334C2203FB9500E4DC70 /* WRCycleScrollView */ = {
			isa = PBXGroup;
			children = (
				3A95334D2203FB9500E4DC70 /* WRProxy.swift */,
				3A95334E2203FB9500E4DC70 /* WRCycleScrollView.swift */,
				3A95334F2203FB9500E4DC70 /* WRCycleCell.swift */,
			);
			path = WRCycleScrollView;
			sourceTree = "<group>";
		};
		3A9533792204207A00E4DC70 /* AppDelegate */ = {
			isa = PBXGroup;
			children = (
				3A95337A2204207A00E4DC70 /* AppDelegate.swift */,
				3A95338B2204274500E4DC70 /* ViewController.swift */,
			);
			path = AppDelegate;
			sourceTree = "<group>";
		};
		3A95337C2204250800E4DC70 /* 分类 */ = {
			isa = PBXGroup;
			children = (
				3A9533812204254800E4DC70 /* LBFMHomeClassifyController.swift */,
			);
			path = "分类";
			sourceTree = "<group>";
		};
		3A95337D2204250800E4DC70 /* 广播 */ = {
			isa = PBXGroup;
			children = (
				3A9533892204259B00E4DC70 /* LBFMHomeBroadcastController.swift */,
			);
			path = "广播";
			sourceTree = "<group>";
		};
		3A95337E2204250800E4DC70 /* 推荐 */ = {
			isa = PBXGroup;
			children = (
				3A9533832204255A00E4DC70 /* LBFMHomeRecommendController.swift */,
				3AEAA626221106BB00B46FA7 /* API */,
				3AEAA622221106BA00B46FA7 /* Controller */,
				3AEAA623221106BB00B46FA7 /* Model */,
				3AEAA624221106BB00B46FA7 /* View */,
				3AEAA625221106BB00B46FA7 /* ViewModel */,
			);
			path = "推荐";
			sourceTree = "<group>";
		};
		3A95337F2204250800E4DC70 /* 直播 */ = {
			isa = PBXGroup;
			children = (
				3A9533872204258800E4DC70 /* LBFMHomeLiveController.swift */,
			);
			path = "直播";
			sourceTree = "<group>";
		};
		3A9533802204250800E4DC70 /* VIP */ = {
			isa = PBXGroup;
			children = (
				3A9533852204257100E4DC70 /* LBFMHomeVIPController.swift */,
			);
			path = VIP;
			sourceTree = "<group>";
		};
		3AEAA622221106BA00B46FA7 /* Controller */ = {
			isa = PBXGroup;
			children = (
			);
			path = Controller;
			sourceTree = "<group>";
		};
		3AEAA623221106BB00B46FA7 /* Model */ = {
			isa = PBXGroup;
			children = (
				3AEAA62922110D1F00B46FA7 /* LBFMRecommendModel.swift */,
			);
			path = Model;
			sourceTree = "<group>";
		};
		3AEAA624221106BB00B46FA7 /* View */ = {
			isa = PBXGroup;
			children = (
				3A40DAB5221FE34700A4C734 /* 懒人电台 */,
				3A40DAB2221FE1E400A4C734 /* 广告 */,
				3A40DAAD221FDCDE00A4C734 /* 最热有声书 */,
				3A40DAAA221FDBCE00A4C734 /* 为你推荐 */,
				3A40DAA5221FD2DA00A4C734 /* 猜你喜欢 */,
				3AF87042221F9AB30078F0A8 /* NewsCell */,
				3AF8703F221F97FC0078F0A8 /* 九宫格 */,
				3A26D5E42216BB9E0080A362 /* LBFMHeaderViewCell */,
				3A26D5DF2216BB5D0080A362 /* 组头尾部视图 */,
			);
			path = View;
			sourceTree = "<group>";
		};
		3AEAA625221106BB00B46FA7 /* ViewModel */ = {
			isa = PBXGroup;
			children = (
				3AEFE58D2211471C00B88942 /* LBFMRecommendViewModel.swift */,
			);
			path = ViewModel;
			sourceTree = "<group>";
		};
		3AEAA626221106BB00B46FA7 /* API */ = {
			isa = PBXGroup;
			children = (
				3AEAA627221106E400B46FA7 /* LBFMRecommendAPI.swift */,
			);
			path = API;
			sourceTree = "<group>";
		};
		3AF8703F221F97FC0078F0A8 /* 九宫格 */ = {
			isa = PBXGroup;
			children = (
				3AF87040221F980C0078F0A8 /* LBFMRecommendGridCell.swift */,
			);
			path = "九宫格";
			sourceTree = "<group>";
		};
		3AF87042221F9AB30078F0A8 /* NewsCell */ = {
			isa = PBXGroup;
			children = (
				3AF87043221F9ACD0078F0A8 /* LBFMRecommendNewsCell.swift */,
			);
			path = NewsCell;
			sourceTree = "<group>";
		};
/* End PBXGroup section */

/* Begin PBXNativeTarget section */
		3A1400602202D61D00C98D59 /* LBFM-Swift */ = {
			isa = PBXNativeTarget;
			buildConfigurationList = 3A1400732202D62000C98D59 /* Build configuration list for PBXNativeTarget "LBFM-Swift" */;
			buildPhases = (
				294004CBD7411B9E3BB83700 /* [CP] Check Pods Manifest.lock */,
				3A14005D2202D61D00C98D59 /* Sources */,
				3A14005E2202D61D00C98D59 /* Frameworks */,
				3A14005F2202D61D00C98D59 /* Resources */,
				D56C78DE53C24813D845EF87 /* [CP] Embed Pods Frameworks */,
			);
			buildRules = (
			);
			dependencies = (
			);
			name = "LBFM-Swift";
			productName = "LBFM-Swift";
			productReference = 3A1400612202D61D00C98D59 /* LBFM-Swift.app */;
			productType = "com.apple.product-type.application";
		};
/* End PBXNativeTarget section */

/* Begin PBXProject section */
		3A1400592202D61D00C98D59 /* Project object */ = {
			isa = PBXProject;
			attributes = {
				LastSwiftUpdateCheck = 1010;
				LastUpgradeCheck = 1010;
				ORGANIZATIONNAME = "刘博";
				TargetAttributes = {
					3A1400602202D61D00C98D59 = {
						CreatedOnToolsVersion = 10.1;
					};
				};
			};
			buildConfigurationList = 3A14005C2202D61D00C98D59 /* Build configuration list for PBXProject "LBFM-Swift" */;
			compatibilityVersion = "Xcode 9.3";
			developmentRegion = en;
			hasScannedForEncodings = 0;
			knownRegions = (
				en,
				Base,
			);
			mainGroup = 3A1400582202D61D00C98D59;
			productRefGroup = 3A1400622202D61D00C98D59 /* Products */;
			projectDirPath = "";
			projectRoot = "";
			targets = (
				3A1400602202D61D00C98D59 /* LBFM-Swift */,
			);
		};
/* End PBXProject section */

/* Begin PBXResourcesBuildPhase section */
		3A14005F2202D61D00C98D59 /* Resources */ = {
			isa = PBXResourcesBuildPhase;
			buildActionMask = 2147483647;
			files = (
				3A14006F2202D62000C98D59 /* LaunchScreen.storyboard in Resources */,
				3A14006C2202D62000C98D59 /* Assets.xcassets in Resources */,
				3A14006A2202D61D00C98D59 /* Main.storyboard in Resources */,
			);
			runOnlyForDeploymentPostprocessing = 0;
		};
/* End PBXResourcesBuildPhase section */

/* Begin PBXShellScriptBuildPhase section */
		294004CBD7411B9E3BB83700 /* [CP] Check Pods Manifest.lock */ = {
			isa = PBXShellScriptBuildPhase;
			buildActionMask = 2147483647;
			files = (
			);
			inputPaths = (
				"${PODS_PODFILE_DIR_PATH}/Podfile.lock",
				"${PODS_ROOT}/Manifest.lock",
			);
			name = "[CP] Check Pods Manifest.lock";
			outputPaths = (
				"$(DERIVED_FILE_DIR)/Pods-LBFM-Swift-checkManifestLockResult.txt",
			);
			runOnlyForDeploymentPostprocessing = 0;
			shellPath = /bin/sh;
			shellScript = "diff \"${PODS_PODFILE_DIR_PATH}/Podfile.lock\" \"${PODS_ROOT}/Manifest.lock\" > /dev/null\nif [ $? != 0 ] ; then\n    # print error to STDERR\n    echo \"error: The sandbox is not in sync with the Podfile.lock. Run 'pod install' or update your CocoaPods installation.\" >&2\n    exit 1\nfi\n# This output is used by Xcode 'outputs' to avoid re-running this script phase.\necho \"SUCCESS\" > \"${SCRIPT_OUTPUT_FILE_0}\"\n";
			showEnvVarsInLog = 0;
		};
		D56C78DE53C24813D845EF87 /* [CP] Embed Pods Frameworks */ = {
			isa = PBXShellScriptBuildPhase;
			buildActionMask = 2147483647;
			files = (
			);
			inputPaths = (
				"${SRCROOT}/Pods/Target Support Files/Pods-LBFM-Swift/Pods-LBFM-Swift-frameworks.sh",
				"${BUILT_PRODUCTS_DIR}/Alamofire/Alamofire.framework",
				"${BUILT_PRODUCTS_DIR}/DNSPageView/DNSPageView.framework",
				"${BUILT_PRODUCTS_DIR}/ESTabBarController-swift/ESTabBarController_swift.framework",
				"${BUILT_PRODUCTS_DIR}/FSPagerView/FSPagerView.framework",
				"${BUILT_PRODUCTS_DIR}/HandyJSON/HandyJSON.framework",
				"${BUILT_PRODUCTS_DIR}/JXMarqueeView/JXMarqueeView.framework",
				"${BUILT_PRODUCTS_DIR}/Kingfisher/Kingfisher.framework",
				"${BUILT_PRODUCTS_DIR}/LTScrollView/LTScrollView.framework",
				"${BUILT_PRODUCTS_DIR}/MJRefresh/MJRefresh.framework",
				"${BUILT_PRODUCTS_DIR}/Moya/Moya.framework",
				"${BUILT_PRODUCTS_DIR}/Result/Result.framework",
				"${BUILT_PRODUCTS_DIR}/SVProgressHUD/SVProgressHUD.framework",
				"${BUILT_PRODUCTS_DIR}/SnapKit/SnapKit.framework",
				"${BUILT_PRODUCTS_DIR}/StreamingKit/StreamingKit.framework",
				"${BUILT_PRODUCTS_DIR}/SwiftMessages/SwiftMessages.framework",
				"${BUILT_PRODUCTS_DIR}/SwiftyJSON/SwiftyJSON.framework",
			);
			name = "[CP] Embed Pods Frameworks";
			outputPaths = (
				"${TARGET_BUILD_DIR}/${FRAMEWORKS_FOLDER_PATH}/Alamofire.framework",
				"${TARGET_BUILD_DIR}/${FRAMEWORKS_FOLDER_PATH}/DNSPageView.framework",
				"${TARGET_BUILD_DIR}/${FRAMEWORKS_FOLDER_PATH}/ESTabBarController_swift.framework",
				"${TARGET_BUILD_DIR}/${FRAMEWORKS_FOLDER_PATH}/FSPagerView.framework",
				"${TARGET_BUILD_DIR}/${FRAMEWORKS_FOLDER_PATH}/HandyJSON.framework",
				"${TARGET_BUILD_DIR}/${FRAMEWORKS_FOLDER_PATH}/JXMarqueeView.framework",
				"${TARGET_BUILD_DIR}/${FRAMEWORKS_FOLDER_PATH}/Kingfisher.framework",
				"${TARGET_BUILD_DIR}/${FRAMEWORKS_FOLDER_PATH}/LTScrollView.framework",
				"${TARGET_BUILD_DIR}/${FRAMEWORKS_FOLDER_PATH}/MJRefresh.framework",
				"${TARGET_BUILD_DIR}/${FRAMEWORKS_FOLDER_PATH}/Moya.framework",
				"${TARGET_BUILD_DIR}/${FRAMEWORKS_FOLDER_PATH}/Result.framework",
				"${TARGET_BUILD_DIR}/${FRAMEWORKS_FOLDER_PATH}/SVProgressHUD.framework",
				"${TARGET_BUILD_DIR}/${FRAMEWORKS_FOLDER_PATH}/SnapKit.framework",
				"${TARGET_BUILD_DIR}/${FRAMEWORKS_FOLDER_PATH}/StreamingKit.framework",
				"${TARGET_BUILD_DIR}/${FRAMEWORKS_FOLDER_PATH}/SwiftMessages.framework",
				"${TARGET_BUILD_DIR}/${FRAMEWORKS_FOLDER_PATH}/SwiftyJSON.framework",
			);
			runOnlyForDeploymentPostprocessing = 0;
			shellPath = /bin/sh;
			shellScript = "\"${SRCROOT}/Pods/Target Support Files/Pods-LBFM-Swift/Pods-LBFM-Swift-frameworks.sh\"\n";
			showEnvVarsInLog = 0;
		};
/* End PBXShellScriptBuildPhase section */

/* Begin PBXSourcesBuildPhase section */
		3A14005D2202D61D00C98D59 /* Sources */ = {
			isa = PBXSourcesBuildPhase;
			buildActionMask = 2147483647;
			files = (
				3A9533842204255A00E4DC70 /* LBFMHomeRecommendController.swift in Sources */,
				3A26D5DE22169F3B0080A362 /* URefresh.swift in Sources */,
				3AEFE58E2211471C00B88942 /* LBFMRecommendViewModel.swift in Sources */,
				3A9533862204257100E4DC70 /* LBFMHomeVIPController.swift in Sources */,
				3A40DAA7221FD2E800A4C734 /* LBFMRecommendGuessLikeCell.swift in Sources */,
				3A9533522203FB9500E4DC70 /* WRProxy.swift in Sources */,
				3A9533412203F1E900E4DC70 /* LBFMMineController.swift in Sources */,
				3A95338C2204274500E4DC70 /* ViewController.swift in Sources */,
				3A9533432203F1F600E4DC70 /* LBFMPlayController.swift in Sources */,
				3A9533512203FB9500E4DC70 /* WRCustomNavigationBar.swift in Sources */,
				3A26D5E32216BB5D0080A362 /* LBFMRecommendFooterView.swift in Sources */,
				3AEAA62A22110D1F00B46FA7 /* LBFMRecommendModel.swift in Sources */,
				3A9533462203F25000E4DC70 /* LBFMNavigationController.swift in Sources */,
				3AEAA628221106E400B46FA7 /* LBFMRecommendAPI.swift in Sources */,
				3A95333F2203F1DD00E4DC70 /* LBFMListenController.swift in Sources */,
				3AF87044221F9ACD0078F0A8 /* LBFMRecommendNewsCell.swift in Sources */,
				3A9533482203F5A500E4DC70 /* LBFMHeader.swift in Sources */,
				3A40DAAF221FDD4600A4C734 /* LBFMHotAudiobookCell.swift in Sources */,
				3A9533582204096900E4DC70 /* LBFMBouncesContentView.swift in Sources */,
				3A26D5E22216BB5D0080A362 /* LBFMRecommendHeaderView.swift in Sources */,
				3A40DAA9221FD4F300A4C734 /* LBFMGuessYouLikeCell.swift in Sources */,
				3A95337B2204207A00E4DC70 /* AppDelegate.swift in Sources */,
				3A953356220408C900E4DC70 /* LBFMBasicContentView.swift in Sources */,
				3A9533502203FB9500E4DC70 /* WRNavigationBar.swift in Sources */,
				3A95338A2204259B00E4DC70 /* LBFMHomeBroadcastController.swift in Sources */,
				3A40DAB1221FDD9000A4C734 /* LBHotAudiobookCell.swift in Sources */,
				3AF87041221F980C0078F0A8 /* LBFMRecommendGridCell.swift in Sources */,
				3A40DAB9221FE3D900A4C734 /* LBOneKeyListenCell.swift in Sources */,
				3A9533532203FB9500E4DC70 /* WRCycleScrollView.swift in Sources */,
				3A9533542203FB9500E4DC70 /* WRCycleCell.swift in Sources */,
				3A95335A220409CD00E4DC70 /* LBFMIrregularityBasicContentView.swift in Sources */,
				3A95333D2203F1D000E4DC70 /* LBFMFindController.swift in Sources */,
				3A40DAAC221FDBDF00A4C734 /* LBFMRecommendForYouCell.swift in Sources */,
				3A9533882204258800E4DC70 /* LBFMHomeLiveController.swift in Sources */,
				3A40DAB4221FE1EE00A4C734 /* LBFMAdvertCell.swift in Sources */,
				3A40DAB7221FE35200A4C734 /* LBFMOneKeyListenCell.swift in Sources */,
				3A26D5E62216BBAF0080A362 /* LBFMRecommendHeaderCell.swift in Sources */,
				3A9533822204254800E4DC70 /* LBFMHomeClassifyController.swift in Sources */,
				3A95333B2203F1BF00E4DC70 /* LBFMHomeController.swift in Sources */,
			);
			runOnlyForDeploymentPostprocessing = 0;
		};
/* End PBXSourcesBuildPhase section */

/* Begin PBXVariantGroup section */
		3A1400682202D61D00C98D59 /* Main.storyboard */ = {
			isa = PBXVariantGroup;
			children = (
				3A1400692202D61D00C98D59 /* Base */,
			);
			name = Main.storyboard;
			sourceTree = "<group>";
		};
		3A14006D2202D62000C98D59 /* LaunchScreen.storyboard */ = {
			isa = PBXVariantGroup;
			children = (
				3A14006E2202D62000C98D59 /* Base */,
			);
			name = LaunchScreen.storyboard;
			sourceTree = "<group>";
		};
/* End PBXVariantGroup section */

/* Begin XCBuildConfiguration section */
		3A1400712202D62000C98D59 /* Debug */ = {
			isa = XCBuildConfiguration;
			buildSettings = {
				ALWAYS_SEARCH_USER_PATHS = NO;
				CLANG_ANALYZER_NONNULL = YES;
				CLANG_ANALYZER_NUMBER_OBJECT_CONVERSION = YES_AGGRESSIVE;
				CLANG_CXX_LANGUAGE_STANDARD = "gnu++14";
				CLANG_CXX_LIBRARY = "libc++";
				CLANG_ENABLE_MODULES = YES;
				CLANG_ENABLE_OBJC_ARC = YES;
				CLANG_ENABLE_OBJC_WEAK = YES;
				CLANG_WARN_BLOCK_CAPTURE_AUTORELEASING = YES;
				CLANG_WARN_BOOL_CONVERSION = YES;
				CLANG_WARN_COMMA = YES;
				CLANG_WARN_CONSTANT_CONVERSION = YES;
				CLANG_WARN_DEPRECATED_OBJC_IMPLEMENTATIONS = YES;
				CLANG_WARN_DIRECT_OBJC_ISA_USAGE = YES_ERROR;
				CLANG_WARN_DOCUMENTATION_COMMENTS = YES;
				CLANG_WARN_EMPTY_BODY = YES;
				CLANG_WARN_ENUM_CONVERSION = YES;
				CLANG_WARN_INFINITE_RECURSION = YES;
				CLANG_WARN_INT_CONVERSION = YES;
				CLANG_WARN_NON_LITERAL_NULL_CONVERSION = YES;
				CLANG_WARN_OBJC_IMPLICIT_RETAIN_SELF = YES;
				CLANG_WARN_OBJC_LITERAL_CONVERSION = YES;
				CLANG_WARN_OBJC_ROOT_CLASS = YES_ERROR;
				CLANG_WARN_RANGE_LOOP_ANALYSIS = YES;
				CLANG_WARN_STRICT_PROTOTYPES = YES;
				CLANG_WARN_SUSPICIOUS_MOVE = YES;
				CLANG_WARN_UNGUARDED_AVAILABILITY = YES_AGGRESSIVE;
				CLANG_WARN_UNREACHABLE_CODE = YES;
				CLANG_WARN__DUPLICATE_METHOD_MATCH = YES;
				CODE_SIGN_IDENTITY = "iPhone Developer";
				COPY_PHASE_STRIP = NO;
				DEBUG_INFORMATION_FORMAT = dwarf;
				ENABLE_STRICT_OBJC_MSGSEND = YES;
				ENABLE_TESTABILITY = YES;
				GCC_C_LANGUAGE_STANDARD = gnu11;
				GCC_DYNAMIC_NO_PIC = NO;
				GCC_NO_COMMON_BLOCKS = YES;
				GCC_OPTIMIZATION_LEVEL = 0;
				GCC_PREPROCESSOR_DEFINITIONS = (
					"DEBUG=1",
					"$(inherited)",
				);
				GCC_WARN_64_TO_32_BIT_CONVERSION = YES;
				GCC_WARN_ABOUT_RETURN_TYPE = YES_ERROR;
				GCC_WARN_UNDECLARED_SELECTOR = YES;
				GCC_WARN_UNINITIALIZED_AUTOS = YES_AGGRESSIVE;
				GCC_WARN_UNUSED_FUNCTION = YES;
				GCC_WARN_UNUSED_VARIABLE = YES;
				IPHONEOS_DEPLOYMENT_TARGET = 12.1;
				MTL_ENABLE_DEBUG_INFO = INCLUDE_SOURCE;
				MTL_FAST_MATH = YES;
				ONLY_ACTIVE_ARCH = YES;
				SDKROOT = iphoneos;
				SWIFT_ACTIVE_COMPILATION_CONDITIONS = DEBUG;
				SWIFT_OPTIMIZATION_LEVEL = "-Onone";
			};
			name = Debug;
		};
		3A1400722202D62000C98D59 /* Release */ = {
			isa = XCBuildConfiguration;
			buildSettings = {
				ALWAYS_SEARCH_USER_PATHS = NO;
				CLANG_ANALYZER_NONNULL = YES;
				CLANG_ANALYZER_NUMBER_OBJECT_CONVERSION = YES_AGGRESSIVE;
				CLANG_CXX_LANGUAGE_STANDARD = "gnu++14";
				CLANG_CXX_LIBRARY = "libc++";
				CLANG_ENABLE_MODULES = YES;
				CLANG_ENABLE_OBJC_ARC = YES;
				CLANG_ENABLE_OBJC_WEAK = YES;
				CLANG_WARN_BLOCK_CAPTURE_AUTORELEASING = YES;
				CLANG_WARN_BOOL_CONVERSION = YES;
				CLANG_WARN_COMMA = YES;
				CLANG_WARN_CONSTANT_CONVERSION = YES;
				CLANG_WARN_DEPRECATED_OBJC_IMPLEMENTATIONS = YES;
				CLANG_WARN_DIRECT_OBJC_ISA_USAGE = YES_ERROR;
				CLANG_WARN_DOCUMENTATION_COMMENTS = YES;
				CLANG_WARN_EMPTY_BODY = YES;
				CLANG_WARN_ENUM_CONVERSION = YES;
				CLANG_WARN_INFINITE_RECURSION = YES;
				CLANG_WARN_INT_CONVERSION = YES;
				CLANG_WARN_NON_LITERAL_NULL_CONVERSION = YES;
				CLANG_WARN_OBJC_IMPLICIT_RETAIN_SELF = YES;
				CLANG_WARN_OBJC_LITERAL_CONVERSION = YES;
				CLANG_WARN_OBJC_ROOT_CLASS = YES_ERROR;
				CLANG_WARN_RANGE_LOOP_ANALYSIS = YES;
				CLANG_WARN_STRICT_PROTOTYPES = YES;
				CLANG_WARN_SUSPICIOUS_MOVE = YES;
				CLANG_WARN_UNGUARDED_AVAILABILITY = YES_AGGRESSIVE;
				CLANG_WARN_UNREACHABLE_CODE = YES;
				CLANG_WARN__DUPLICATE_METHOD_MATCH = YES;
				CODE_SIGN_IDENTITY = "iPhone Developer";
				COPY_PHASE_STRIP = NO;
				DEBUG_INFORMATION_FORMAT = "dwarf-with-dsym";
				ENABLE_NS_ASSERTIONS = NO;
				ENABLE_STRICT_OBJC_MSGSEND = YES;
				GCC_C_LANGUAGE_STANDARD = gnu11;
				GCC_NO_COMMON_BLOCKS = YES;
				GCC_WARN_64_TO_32_BIT_CONVERSION = YES;
				GCC_WARN_ABOUT_RETURN_TYPE = YES_ERROR;
				GCC_WARN_UNDECLARED_SELECTOR = YES;
				GCC_WARN_UNINITIALIZED_AUTOS = YES_AGGRESSIVE;
				GCC_WARN_UNUSED_FUNCTION = YES;
				GCC_WARN_UNUSED_VARIABLE = YES;
				IPHONEOS_DEPLOYMENT_TARGET = 12.1;
				MTL_ENABLE_DEBUG_INFO = NO;
				MTL_FAST_MATH = YES;
				SDKROOT = iphoneos;
				SWIFT_COMPILATION_MODE = wholemodule;
				SWIFT_OPTIMIZATION_LEVEL = "-O";
				VALIDATE_PRODUCT = YES;
			};
			name = Release;
		};
		3A1400742202D62000C98D59 /* Debug */ = {
			isa = XCBuildConfiguration;
			baseConfigurationReference = DEF6F2A9F63490E9AF6C0FBE /* Pods-LBFM-Swift.debug.xcconfig */;
			buildSettings = {
				ASSETCATALOG_COMPILER_APPICON_NAME = AppIcon;
				CODE_SIGN_STYLE = Automatic;
				DEVELOPMENT_TEAM = U2SFWCYMB4;
				FRAMEWORK_SEARCH_PATHS = (
					"$(inherited)",
					"$(PROJECT_DIR)/LBFM-Swift/Controller/Home(首页)/推荐",
				);
				INFOPLIST_FILE = "LBFM-Swift/Info.plist";
				IPHONEOS_DEPLOYMENT_TARGET = 9.0;
				LD_RUNPATH_SEARCH_PATHS = (
					"$(inherited)",
					"@executable_path/Frameworks",
				);
				PRODUCT_BUNDLE_IDENTIFIER = com.liubo.lbfm;
				PRODUCT_NAME = "$(TARGET_NAME)";
				SWIFT_VERSION = 4.0;
				TARGETED_DEVICE_FAMILY = 1;
			};
			name = Debug;
		};
		3A1400752202D62000C98D59 /* Release */ = {
			isa = XCBuildConfiguration;
			baseConfigurationReference = 2CFEE505BF3F94F8DFD531F9 /* Pods-LBFM-Swift.release.xcconfig */;
			buildSettings = {
				ASSETCATALOG_COMPILER_APPICON_NAME = AppIcon;
				CODE_SIGN_STYLE = Automatic;
				DEVELOPMENT_TEAM = U2SFWCYMB4;
				FRAMEWORK_SEARCH_PATHS = (
					"$(inherited)",
					"$(PROJECT_DIR)/LBFM-Swift/Controller/Home(首页)/推荐",
				);
				INFOPLIST_FILE = "LBFM-Swift/Info.plist";
				IPHONEOS_DEPLOYMENT_TARGET = 9.0;
				LD_RUNPATH_SEARCH_PATHS = (
					"$(inherited)",
					"@executable_path/Frameworks",
				);
				PRODUCT_BUNDLE_IDENTIFIER = com.liubo.lbfm;
				PRODUCT_NAME = "$(TARGET_NAME)";
				SWIFT_VERSION = 4.0;
				TARGETED_DEVICE_FAMILY = 1;
			};
			name = Release;
		};
/* End XCBuildConfiguration section */

/* Begin XCConfigurationList section */
		3A14005C2202D61D00C98D59 /* Build configuration list for PBXProject "LBFM-Swift" */ = {
			isa = XCConfigurationList;
			buildConfigurations = (
				3A1400712202D62000C98D59 /* Debug */,
				3A1400722202D62000C98D59 /* Release */,
			);
			defaultConfigurationIsVisible = 0;
			defaultConfigurationName = Release;
		};
		3A1400732202D62000C98D59 /* Build configuration list for PBXNativeTarget "LBFM-Swift" */ = {
			isa = XCConfigurationList;
			buildConfigurations = (
				3A1400742202D62000C98D59 /* Debug */,
				3A1400752202D62000C98D59 /* Release */,
			);
			defaultConfigurationIsVisible = 0;
			defaultConfigurationName = Release;
		};
/* End XCConfigurationList section */
	};
	rootObject = 3A1400592202D61D00C98D59 /* Project object */;
}
