PODS:
  - ESTabBarController-swift (2.6.4)
  - Kingfisher (4.10.1)
  - SnapKit (4.2.0)

DEPENDENCIES:
  - ESTabBarController-swift
  - Kingfisher
  - SnapKit

SPEC REPOS:
  https://github.com/cocoapods/specs.git:
    - ESTabBarController-swift
    - Kingfisher
    - SnapKit

SPEC CHECKSUMS:
  ESTabBarController-swift: 58cca4ab7de980657d99a02181c1ff310983e975
  Kingfisher: c148cd7b47ebde9989f6bc7c27dcaa79d81279a0
  SnapKit: fe8a619752f3f27075cc9a90244d75c6c3f27e2a

PODFILE CHECKSUM: bddc164f3766bf88bc1c36428656500d101d768b

COCOAPODS: 1.5.3
